
Microsoft Visual Studio Solution File, Format Version 12.00
# Visual Studio Version 17
VisualStudioVersion = 17.2.32505.173
MinimumVisualStudioVersion = 10.0.40219.1
Project("{FAE04EC0-301F-11D3-BF4B-00C04F79EFBC}") = "test_libreria_benzinaio", "test_libreria_benzinaio\test_libreria_benzinaio.csproj", "{0A3F7F20-9B25-4DC9-9141-B59C12B1578E}"
EndProject
Global
	GlobalSection(SolutionConfigurationPlatforms) = preSolution
		Debug|Any CPU = Debug|Any CPU
		Release|Any CPU = Release|Any CPU
	EndGlobalSection
	GlobalSection(ProjectConfigurationPlatforms) = postSolution
		{0A3F7F20-9B25-4DC9-9141-B59C12B1578E}.Debug|Any CPU.ActiveCfg = Debug|Any CPU
		{0A3F7F20-9B25-4DC9-9141-B59C12B1578E}.Debug|Any CPU.Build.0 = Debug|Any CPU
		{0A3F7F20-9B25-4DC9-9141-B59C12B1578E}.Release|Any CPU.ActiveCfg = Release|Any CPU
		{0A3F7F20-9B25-4DC9-9141-B59C12B1578E}.Release|Any CPU.Build.0 = Release|Any CPU
	EndGlobalSection
	GlobalSection(SolutionProperties) = preSolution
		HideSolutionNode = FALSE
	EndGlobalSection
	GlobalSection(ExtensibilityGlobals) = postSolution
		SolutionGuid = {C8F50E71-D2D1-46E3-BB87-8428EC1940BF}
	EndGlobalSection
EndGlobal
